
Microsoft Visual Studio Solution File, Format Version 12.00
# Visual Studio 15
VisualStudioVersion = 15.0.27428.2015
MinimumVisualStudioVersion = 10.0.40219.1
Project("{FAE04EC0-301F-11D3-BF4B-00C04F79EFBC}") = "ParserTest", "ParserTest\ParserTest.csproj", "{BDA872D5-5904-4B54-A19F-7F50B742F71E}"
EndProject
Global
	GlobalSection(SolutionConfigurationPlatforms) = preSolution
		Debug|Any CPU = Debug|Any CPU
		Release|Any CPU = Release|Any CPU
	EndGlobalSection
	GlobalSection(ProjectConfigurationPlatforms) = postSolution
		{BDA872D5-5904-4B54-A19F-7F50B742F71E}.Debug|Any CPU.ActiveCfg = Debug|Any CPU
		{BDA872D5-5904-4B54-A19F-7F50B742F71E}.Debug|Any CPU.Build.0 = Debug|Any CPU
		{BDA872D5-5904-4B54-A19F-7F50B742F71E}.Release|Any CPU.ActiveCfg = Release|Any CPU
		{BDA872D5-5904-4B54-A19F-7F50B742F71E}.Release|Any CPU.Build.0 = Release|Any CPU
	EndGlobalSection
	GlobalSection(SolutionProperties) = preSolution
		HideSolutionNode = FALSE
	EndGlobalSection
	GlobalSection(ExtensibilityGlobals) = postSolution
		SolutionGuid = {7F0C841A-7474-498C-B2CB-3BF4CD43DD14}
	EndGlobalSection
EndGlobal
